
Microsoft Visual Studio Solution File, Format Version 12.00
# Visual Studio 15
VisualStudioVersion = 15.0.27428.2043
MinimumVisualStudioVersion = 10.0.40219.1
Project("{FAE04EC0-301F-11D3-BF4B-00C04F79EFBC}") = "GW2 StatCombo", "GW2 StatCombo\GW2 StatCombo.csproj", "{DF45C521-6B68-4F4A-893A-4E82EFE901A8}"
EndProject
Global
	GlobalSection(SolutionConfigurationPlatforms) = preSolution
		Debug|Any CPU = Debug|Any CPU
		Release|Any CPU = Release|Any CPU
	EndGlobalSection
	GlobalSection(ProjectConfigurationPlatforms) = postSolution
		{DF45C521-6B68-4F4A-893A-4E82EFE901A8}.Debug|Any CPU.ActiveCfg = Debug|Any CPU
		{DF45C521-6B68-4F4A-893A-4E82EFE901A8}.Debug|Any CPU.Build.0 = Debug|Any CPU
		{DF45C521-6B68-4F4A-893A-4E82EFE901A8}.Release|Any CPU.ActiveCfg = Release|Any CPU
		{DF45C521-6B68-4F4A-893A-4E82EFE901A8}.Release|Any CPU.Build.0 = Release|Any CPU
	EndGlobalSection
	GlobalSection(SolutionProperties) = preSolution
		HideSolutionNode = FALSE
	EndGlobalSection
	GlobalSection(ExtensibilityGlobals) = postSolution
		SolutionGuid = {42E5DEA1-F5DB-42FE-968B-3376634857B3}
	EndGlobalSection
EndGlobal
